// !$*UTF8*$!
{
	archiveVersion = 1;
	classes = {
	};
	objectVersion = 56;
	objects = {

/* Begin PBXBuildFile section */
		26A108D129DC700800E5FECE /* AppDelegate.swift in Sources */ = {isa = PBXBuildFile; fileRef = 26A108D029DC700800E5FECE /* AppDelegate.swift */; };
		26A108D329DC700800E5FECE /* SceneDelegate.swift in Sources */ = {isa = PBXBuildFile; fileRef = 26A108D229DC700800E5FECE /* SceneDelegate.swift */; };
		26A108D529DC700800E5FECE /* ViewController.swift in Sources */ = {isa = PBXBuildFile; fileRef = 26A108D429DC700800E5FECE /* ViewController.swift */; };
		26A108D829DC700800E5FECE /* Main.storyboard in Resources */ = {isa = PBXBuildFile; fileRef = 26A108D629DC700800E5FECE /* Main.storyboard */; };
		26A108DA29DC700A00E5FECE /* Assets.xcassets in Resources */ = {isa = PBXBuildFile; fileRef = 26A108D929DC700A00E5FECE /* Assets.xcassets */; };
		26A108DD29DC700A00E5FECE /* LaunchScreen.storyboard in Resources */ = {isa = PBXBuildFile; fileRef = 26A108DB29DC700A00E5FECE /* LaunchScreen.storyboard */; };
		26A108E529DC734200E5FECE /* 开闭原则.swift in Sources */ = {isa = PBXBuildFile; fileRef = 26A108E429DC734200E5FECE /* 开闭原则.swift */; };
		26F271F529DD1C7F003B573D /* 里氏替换原则.swift in Sources */ = {isa = PBXBuildFile; fileRef = 26F271F429DD1C7F003B573D /* 里氏替换原则.swift */; };
		26F271F729DD2B07003B573D /* 单一职责原则.swift in Sources */ = {isa = PBXBuildFile; fileRef = 26F271F629DD2B07003B573D /* 单一职责原则.swift */; };
		26F271F929DD3133003B573D /* 接口隔离原则.swift in Sources */ = {isa = PBXBuildFile; fileRef = 26F271F829DD3133003B573D /* 接口隔离原则.swift */; };
		26F271FB29DD5D3A003B573D /* 依赖倒置原则.swift in Sources */ = {isa = PBXBuildFile; fileRef = 26F271FA29DD5D3A003B573D /* 依赖倒置原则.swift */; };
		26F271FD29DD62E0003B573D /* 迪米特原则.swift in Sources */ = {isa = PBXBuildFile; fileRef = 26F271FC29DD62E0003B573D /* 迪米特原则.swift */; };
/* End PBXBuildFile section */

/* Begin PBXFileReference section */
		26A108CD29DC700800E5FECE /* DesignPrinciple.app */ = {isa = PBXFileReference; explicitFileType = wrapper.application; includeInIndex = 0; path = DesignPrinciple.app; sourceTree = BUILT_PRODUCTS_DIR; };
		26A108D029DC700800E5FECE /* AppDelegate.swift */ = {isa = PBXFileReference; lastKnownFileType = sourcecode.swift; path = AppDelegate.swift; sourceTree = "<group>"; };
		26A108D229DC700800E5FECE /* SceneDelegate.swift */ = {isa = PBXFileReference; lastKnownFileType = sourcecode.swift; path = SceneDelegate.swift; sourceTree = "<group>"; };
		26A108D429DC700800E5FECE /* ViewController.swift */ = {isa = PBXFileReference; lastKnownFileType = sourcecode.swift; path = ViewController.swift; sourceTree = "<group>"; };
		26A108D729DC700800E5FECE /* Base */ = {isa = PBXFileReference; lastKnownFileType = file.storyboard; name = Base; path = Base.lproj/Main.storyboard; sourceTree = "<group>"; };
		26A108D929DC700A00E5FECE /* Assets.xcassets */ = {isa = PBXFileReference; lastKnownFileType = folder.assetcatalog; path = Assets.xcassets; sourceTree = "<group>"; };
		26A108DC29DC700A00E5FECE /* Base */ = {isa = PBXFileReference; lastKnownFileType = file.storyboard; name = Base; path = Base.lproj/LaunchScreen.storyboard; sourceTree = "<group>"; };
		26A108DE29DC700A00E5FECE /* Info.plist */ = {isa = PBXFileReference; lastKnownFileType = text.plist.xml; path = Info.plist; sourceTree = "<group>"; };
		26A108E429DC734200E5FECE /* 开闭原则.swift */ = {isa = PBXFileReference; lastKnownFileType = sourcecode.swift; path = "开闭原则.swift"; sourceTree = "<group>"; };
		26F271F429DD1C7F003B573D /* 里氏替换原则.swift */ = {isa = PBXFileReference; lastKnownFileType = sourcecode.swift; path = "里氏替换原则.swift"; sourceTree = "<group>"; };
		26F271F629DD2B07003B573D /* 单一职责原则.swift */ = {isa = PBXFileReference; lastKnownFileType = sourcecode.swift; path = "单一职责原则.swift"; sourceTree = "<group>"; };
		26F271F829DD3133003B573D /* 接口隔离原则.swift */ = {isa = PBXFileReference; lastKnownFileType = sourcecode.swift; path = "接口隔离原则.swift"; sourceTree = "<group>"; };
		26F271FA29DD5D3A003B573D /* 依赖倒置原则.swift */ = {isa = PBXFileReference; lastKnownFileType = sourcecode.swift; path = "依赖倒置原则.swift"; sourceTree = "<group>"; };
		26F271FC29DD62E0003B573D /* 迪米特原则.swift */ = {isa = PBXFileReference; lastKnownFileType = sourcecode.swift; path = "迪米特原则.swift"; sourceTree = "<group>"; };
/* End PBXFileReference section */

/* Begin PBXFrameworksBuildPhase section */
		26A108CA29DC700800E5FECE /* Frameworks */ = {
			isa = PBXFrameworksBuildPhase;
			buildActionMask = 2147483647;
			files = (
			);
			runOnlyForDeploymentPostprocessing = 0;
		};
/* End PBXFrameworksBuildPhase section */

/* Begin PBXGroup section */
		26A108C429DC700800E5FECE = {
			isa = PBXGroup;
			children = (
				26A108CF29DC700800E5FECE /* DesignPrinciple */,
				26A108CE29DC700800E5FECE /* Products */,
			);
			sourceTree = "<group>";
		};
		26A108CE29DC700800E5FECE /* Products */ = {
			isa = PBXGroup;
			children = (
				26A108CD29DC700800E5FECE /* DesignPrinciple.app */,
			);
			name = Products;
			sourceTree = "<group>";
		};
		26A108CF29DC700800E5FECE /* DesignPrinciple */ = {
			isa = PBXGroup;
			children = (
				26A108D029DC700800E5FECE /* AppDelegate.swift */,
				26A108D229DC700800E5FECE /* SceneDelegate.swift */,
				26A108D429DC700800E5FECE /* ViewController.swift */,
				26A108D629DC700800E5FECE /* Main.storyboard */,
				26A108D929DC700A00E5FECE /* Assets.xcassets */,
				26A108DB29DC700A00E5FECE /* LaunchScreen.storyboard */,
				26A108DE29DC700A00E5FECE /* Info.plist */,
				26A108E429DC734200E5FECE /* 开闭原则.swift */,
				26F271F429DD1C7F003B573D /* 里氏替换原则.swift */,
				26F271F629DD2B07003B573D /* 单一职责原则.swift */,
				26F271F829DD3133003B573D /* 接口隔离原则.swift */,
				26F271FA29DD5D3A003B573D /* 依赖倒置原则.swift */,
				26F271FC29DD62E0003B573D /* 迪米特原则.swift */,
			);
			path = DesignPrinciple;
			sourceTree = "<group>";
		};
/* End PBXGroup section */

/* Begin PBXNativeTarget section */
		26A108CC29DC700800E5FECE /* DesignPrinciple */ = {
			isa = PBXNativeTarget;
			buildConfigurationList = 26A108E129DC700A00E5FECE /* Build configuration list for PBXNativeTarget "DesignPrinciple" */;
			buildPhases = (
				26A108C929DC700800E5FECE /* Sources */,
				26A108CA29DC700800E5FECE /* Frameworks */,
				26A108CB29DC700800E5FECE /* Resources */,
			);
			buildRules = (
			);
			dependencies = (
			);
			name = DesignPrinciple;
			productName = DesignPrinciple;
			productReference = 26A108CD29DC700800E5FECE /* DesignPrinciple.app */;
			productType = "com.apple.product-type.application";
		};
/* End PBXNativeTarget section */

/* Begin PBXProject section */
		26A108C529DC700800E5FECE /* Project object */ = {
			isa = PBXProject;
			attributes = {
				BuildIndependentTargetsInParallel = 1;
				LastSwiftUpdateCheck = 1420;
				LastUpgradeCheck = 1420;
				TargetAttributes = {
					26A108CC29DC700800E5FECE = {
						CreatedOnToolsVersion = 14.2;
					};
				};
			};
			buildConfigurationList = 26A108C829DC700800E5FECE /* Build configuration list for PBXProject "DesignPrinciple" */;
			compatibilityVersion = "Xcode 14.0";
			developmentRegion = en;
			hasScannedForEncodings = 0;
			knownRegions = (
				en,
				Base,
			);
			mainGroup = 26A108C429DC700800E5FECE;
			productRefGroup = 26A108CE29DC700800E5FECE /* Products */;
			projectDirPath = "";
			projectRoot = "";
			targets = (
				26A108CC29DC700800E5FECE /* DesignPrinciple */,
			);
		};
/* End PBXProject section */

/* Begin PBXResourcesBuildPhase section */
		26A108CB29DC700800E5FECE /* Resources */ = {
			isa = PBXResourcesBuildPhase;
			buildActionMask = 2147483647;
			files = (
				26A108DD29DC700A00E5FECE /* LaunchScreen.storyboard in Resources */,
				26A108DA29DC700A00E5FECE /* Assets.xcassets in Resources */,
				26A108D829DC700800E5FECE /* Main.storyboard in Resources */,
			);
			runOnlyForDeploymentPostprocessing = 0;
		};
/* End PBXResourcesBuildPhase section */

/* Begin PBXSourcesBuildPhase section */
		26A108C929DC700800E5FECE /* Sources */ = {
			isa = PBXSourcesBuildPhase;
			buildActionMask = 2147483647;
			files = (
				26F271F929DD3133003B573D /* 接口隔离原则.swift in Sources */,
				26F271F529DD1C7F003B573D /* 里氏替换原则.swift in Sources */,
				26F271FB29DD5D3A003B573D /* 依赖倒置原则.swift in Sources */,
				26A108D529DC700800E5FECE /* ViewController.swift in Sources */,
				26A108D129DC700800E5FECE /* AppDelegate.swift in Sources */,
				26A108E529DC734200E5FECE /* 开闭原则.swift in Sources */,
				26A108D329DC700800E5FECE /* SceneDelegate.swift in Sources */,
				26F271FD29DD62E0003B573D /* 迪米特原则.swift in Sources */,
				26F271F729DD2B07003B573D /* 单一职责原则.swift in Sources */,
			);
			runOnlyForDeploymentPostprocessing = 0;
		};
/* End PBXSourcesBuildPhase section */

/* Begin PBXVariantGroup section */
		26A108D629DC700800E5FECE /* Main.storyboard */ = {
			isa = PBXVariantGroup;
			children = (
				26A108D729DC700800E5FECE /* Base */,
			);
			name = Main.storyboard;
			sourceTree = "<group>";
		};
		26A108DB29DC700A00E5FECE /* LaunchScreen.storyboard */ = {
			isa = PBXVariantGroup;
			children = (
				26A108DC29DC700A00E5FECE /* Base */,
			);
			name = LaunchScreen.storyboard;
			sourceTree = "<group>";
		};
/* End PBXVariantGroup section */

/* Begin XCBuildConfiguration section */
		26A108DF29DC700A00E5FECE /* Debug */ = {
			isa = XCBuildConfiguration;
			buildSettings = {
				ALWAYS_SEARCH_USER_PATHS = NO;
				CLANG_ANALYZER_NONNULL = YES;
				CLANG_ANALYZER_NUMBER_OBJECT_CONVERSION = YES_AGGRESSIVE;
				CLANG_CXX_LANGUAGE_STANDARD = "gnu++20";
				CLANG_ENABLE_MODULES = YES;
				CLANG_ENABLE_OBJC_ARC = YES;
				CLANG_ENABLE_OBJC_WEAK = YES;
				CLANG_WARN_BLOCK_CAPTURE_AUTORELEASING = YES;
				CLANG_WARN_BOOL_CONVERSION = YES;
				CLANG_WARN_COMMA = YES;
				CLANG_WARN_CONSTANT_CONVERSION = YES;
				CLANG_WARN_DEPRECATED_OBJC_IMPLEMENTATIONS = YES;
				CLANG_WARN_DIRECT_OBJC_ISA_USAGE = YES_ERROR;
				CLANG_WARN_DOCUMENTATION_COMMENTS = YES;
				CLANG_WARN_EMPTY_BODY = YES;
				CLANG_WARN_ENUM_CONVERSION = YES;
				CLANG_WARN_INFINITE_RECURSION = YES;
				CLANG_WARN_INT_CONVERSION = YES;
				CLANG_WARN_NON_LITERAL_NULL_CONVERSION = YES;
				CLANG_WARN_OBJC_IMPLICIT_RETAIN_SELF = YES;
				CLANG_WARN_OBJC_LITERAL_CONVERSION = YES;
				CLANG_WARN_OBJC_ROOT_CLASS = YES_ERROR;
				CLANG_WARN_QUOTED_INCLUDE_IN_FRAMEWORK_HEADER = YES;
				CLANG_WARN_RANGE_LOOP_ANALYSIS = YES;
				CLANG_WARN_STRICT_PROTOTYPES = YES;
				CLANG_WARN_SUSPICIOUS_MOVE = YES;
				CLANG_WARN_UNGUARDED_AVAILABILITY = YES_AGGRESSIVE;
				CLANG_WARN_UNREACHABLE_CODE = YES;
				CLANG_WARN__DUPLICATE_METHOD_MATCH = YES;
				COPY_PHASE_STRIP = NO;
				DEBUG_INFORMATION_FORMAT = dwarf;
				ENABLE_STRICT_OBJC_MSGSEND = YES;
				ENABLE_TESTABILITY = YES;
				GCC_C_LANGUAGE_STANDARD = gnu11;
				GCC_DYNAMIC_NO_PIC = NO;
				GCC_NO_COMMON_BLOCKS = YES;
				GCC_OPTIMIZATION_LEVEL = 0;
				GCC_PREPROCESSOR_DEFINITIONS = (
					"DEBUG=1",
					"$(inherited)",
				);
				GCC_WARN_64_TO_32_BIT_CONVERSION = YES;
				GCC_WARN_ABOUT_RETURN_TYPE = YES_ERROR;
				GCC_WARN_UNDECLARED_SELECTOR = YES;
				GCC_WARN_UNINITIALIZED_AUTOS = YES_AGGRESSIVE;
				GCC_WARN_UNUSED_FUNCTION = YES;
				GCC_WARN_UNUSED_VARIABLE = YES;
				IPHONEOS_DEPLOYMENT_TARGET = 16.2;
				MTL_ENABLE_DEBUG_INFO = INCLUDE_SOURCE;
				MTL_FAST_MATH = YES;
				ONLY_ACTIVE_ARCH = YES;
				SDKROOT = iphoneos;
				SWIFT_ACTIVE_COMPILATION_CONDITIONS = DEBUG;
				SWIFT_OPTIMIZATION_LEVEL = "-Onone";
			};
			name = Debug;
		};
		26A108E029DC700A00E5FECE /* Release */ = {
			isa = XCBuildConfiguration;
			buildSettings = {
				ALWAYS_SEARCH_USER_PATHS = NO;
				CLANG_ANALYZER_NONNULL = YES;
				CLANG_ANALYZER_NUMBER_OBJECT_CONVERSION = YES_AGGRESSIVE;
				CLANG_CXX_LANGUAGE_STANDARD = "gnu++20";
				CLANG_ENABLE_MODULES = YES;
				CLANG_ENABLE_OBJC_ARC = YES;
				CLANG_ENABLE_OBJC_WEAK = YES;
				CLANG_WARN_BLOCK_CAPTURE_AUTORELEASING = YES;
				CLANG_WARN_BOOL_CONVERSION = YES;
				CLANG_WARN_COMMA = YES;
				CLANG_WARN_CONSTANT_CONVERSION = YES;
				CLANG_WARN_DEPRECATED_OBJC_IMPLEMENTATIONS = YES;
				CLANG_WARN_DIRECT_OBJC_ISA_USAGE = YES_ERROR;
				CLANG_WARN_DOCUMENTATION_COMMENTS = YES;
				CLANG_WARN_EMPTY_BODY = YES;
				CLANG_WARN_ENUM_CONVERSION = YES;
				CLANG_WARN_INFINITE_RECURSION = YES;
				CLANG_WARN_INT_CONVERSION = YES;
				CLANG_WARN_NON_LITERAL_NULL_CONVERSION = YES;
				CLANG_WARN_OBJC_IMPLICIT_RETAIN_SELF = YES;
				CLANG_WARN_OBJC_LITERAL_CONVERSION = YES;
				CLANG_WARN_OBJC_ROOT_CLASS = YES_ERROR;
				CLANG_WARN_QUOTED_INCLUDE_IN_FRAMEWORK_HEADER = YES;
				CLANG_WARN_RANGE_LOOP_ANALYSIS = YES;
				CLANG_WARN_STRICT_PROTOTYPES = YES;
				CLANG_WARN_SUSPICIOUS_MOVE = YES;
				CLANG_WARN_UNGUARDED_AVAILABILITY = YES_AGGRESSIVE;
				CLANG_WARN_UNREACHABLE_CODE = YES;
				CLANG_WARN__DUPLICATE_METHOD_MATCH = YES;
				COPY_PHASE_STRIP = NO;
				DEBUG_INFORMATION_FORMAT = "dwarf-with-dsym";
				ENABLE_NS_ASSERTIONS = NO;
				ENABLE_STRICT_OBJC_MSGSEND = YES;
				GCC_C_LANGUAGE_STANDARD = gnu11;
				GCC_NO_COMMON_BLOCKS = YES;
				GCC_WARN_64_TO_32_BIT_CONVERSION = YES;
				GCC_WARN_ABOUT_RETURN_TYPE = YES_ERROR;
				GCC_WARN_UNDECLARED_SELECTOR = YES;
				GCC_WARN_UNINITIALIZED_AUTOS = YES_AGGRESSIVE;
				GCC_WARN_UNUSED_FUNCTION = YES;
				GCC_WARN_UNUSED_VARIABLE = YES;
				IPHONEOS_DEPLOYMENT_TARGET = 16.2;
				MTL_ENABLE_DEBUG_INFO = NO;
				MTL_FAST_MATH = YES;
				SDKROOT = iphoneos;
				SWIFT_COMPILATION_MODE = wholemodule;
				SWIFT_OPTIMIZATION_LEVEL = "-O";
				VALIDATE_PRODUCT = YES;
			};
			name = Release;
		};
		26A108E229DC700A00E5FECE /* Debug */ = {
			isa = XCBuildConfiguration;
			buildSettings = {
				ASSETCATALOG_COMPILER_APPICON_NAME = AppIcon;
				ASSETCATALOG_COMPILER_GLOBAL_ACCENT_COLOR_NAME = AccentColor;
				CODE_SIGN_STYLE = Automatic;
				CURRENT_PROJECT_VERSION = 1;
				GENERATE_INFOPLIST_FILE = YES;
				INFOPLIST_FILE = DesignPrinciple/Info.plist;
				INFOPLIST_KEY_UIApplicationSupportsIndirectInputEvents = YES;
				INFOPLIST_KEY_UILaunchStoryboardName = LaunchScreen;
				INFOPLIST_KEY_UIMainStoryboardFile = Main;
				INFOPLIST_KEY_UISupportedInterfaceOrientations_iPad = "UIInterfaceOrientationPortrait UIInterfaceOrientationPortraitUpsideDown UIInterfaceOrientationLandscapeLeft UIInterfaceOrientationLandscapeRight";
				INFOPLIST_KEY_UISupportedInterfaceOrientations_iPhone = "UIInterfaceOrientationPortrait UIInterfaceOrientationLandscapeLeft UIInterfaceOrientationLandscapeRight";
				LD_RUNPATH_SEARCH_PATHS = (
					"$(inherited)",
					"@executable_path/Frameworks",
				);
				MARKETING_VERSION = 1.0;
				PRODUCT_BUNDLE_IDENTIFIER = com.qq.nigelli.DesignPrinciple;
				PRODUCT_NAME = "$(TARGET_NAME)";
				SWIFT_EMIT_LOC_STRINGS = YES;
				SWIFT_VERSION = 5.0;
				TARGETED_DEVICE_FAMILY = "1,2";
			};
			name = Debug;
		};
		26A108E329DC700A00E5FECE /* Release */ = {
			isa = XCBuildConfiguration;
			buildSettings = {
				ASSETCATALOG_COMPILER_APPICON_NAME = AppIcon;
				ASSETCATALOG_COMPILER_GLOBAL_ACCENT_COLOR_NAME = AccentColor;
				CODE_SIGN_STYLE = Automatic;
				CURRENT_PROJECT_VERSION = 1;
				GENERATE_INFOPLIST_FILE = YES;
				INFOPLIST_FILE = DesignPrinciple/Info.plist;
				INFOPLIST_KEY_UIApplicationSupportsIndirectInputEvents = YES;
				INFOPLIST_KEY_UILaunchStoryboardName = LaunchScreen;
				INFOPLIST_KEY_UIMainStoryboardFile = Main;
				INFOPLIST_KEY_UISupportedInterfaceOrientations_iPad = "UIInterfaceOrientationPortrait UIInterfaceOrientationPortraitUpsideDown UIInterfaceOrientationLandscapeLeft UIInterfaceOrientationLandscapeRight";
				INFOPLIST_KEY_UISupportedInterfaceOrientations_iPhone = "UIInterfaceOrientationPortrait UIInterfaceOrientationLandscapeLeft UIInterfaceOrientationLandscapeRight";
				LD_RUNPATH_SEARCH_PATHS = (
					"$(inherited)",
					"@executable_path/Frameworks",
				);
				MARKETING_VERSION = 1.0;
				PRODUCT_BUNDLE_IDENTIFIER = com.qq.nigelli.DesignPrinciple;
				PRODUCT_NAME = "$(TARGET_NAME)";
				SWIFT_EMIT_LOC_STRINGS = YES;
				SWIFT_VERSION = 5.0;
				TARGETED_DEVICE_FAMILY = "1,2";
			};
			name = Release;
		};
/* End XCBuildConfiguration section */

/* Begin XCConfigurationList section */
		26A108C829DC700800E5FECE /* Build configuration list for PBXProject "DesignPrinciple" */ = {
			isa = XCConfigurationList;
			buildConfigurations = (
				26A108DF29DC700A00E5FECE /* Debug */,
				26A108E029DC700A00E5FECE /* Release */,
			);
			defaultConfigurationIsVisible = 0;
			defaultConfigurationName = Release;
		};
		26A108E129DC700A00E5FECE /* Build configuration list for PBXNativeTarget "DesignPrinciple" */ = {
			isa = XCConfigurationList;
			buildConfigurations = (
				26A108E229DC700A00E5FECE /* Debug */,
				26A108E329DC700A00E5FECE /* Release */,
			);
			defaultConfigurationIsVisible = 0;
			defaultConfigurationName = Release;
		};
/* End XCConfigurationList section */
	};
	rootObject = 26A108C529DC700800E5FECE /* Project object */;
}
